[root]
name = "rust-telnet-client"
version = "0.0.1"
dependencies = [
 "rust-telnet 0.0.1 (git+https://github.com/Twisol/rust-telnet.git?rev=b1387c8cb4fff730f307727975c03cd933f8c3d3)",
]

[[package]]
name = "rust-telnet"
version = "0.0.1"
source = "git+https://github.com/Twisol/rust-telnet.git?rev=b1387c8cb4fff730f307727975c03cd933f8c3d3#b1387c8cb4fff730f307727975c03cd933f8c3d3"

